// !$*UTF8*$!
{
	archiveVersion = 1;
	classes = {
	};
	objectVersion = 50;
	objects = {

/* Begin PBXBuildFile section */
		E73BDE89213EFAA20085C063 /* AppDelegate.swift in Sources */ = {isa = PBXBuildFile; fileRef = E73BDE88213EFAA20085C063 /* AppDelegate.swift */; };
		E73BDE8B213EFAA20085C063 /* ViewController.swift in Sources */ = {isa = PBXBuildFile; fileRef = E73BDE8A213EFAA20085C063 /* ViewController.swift */; };
		E73BDE8E213EFAA20085C063 /* Main.storyboard in Resources */ = {isa = PBXBuildFile; fileRef = E73BDE8C213EFAA20085C063 /* Main.storyboard */; };
		E73BDE90213EFAA20085C063 /* Assets.xcassets in Resources */ = {isa = PBXBuildFile; fileRef = E73BDE8F213EFAA20085C063 /* Assets.xcassets */; };
		E73BDE93213EFAA20085C063 /* LaunchScreen.storyboard in Resources */ = {isa = PBXBuildFile; fileRef = E73BDE91213EFAA20085C063 /* LaunchScreen.storyboard */; };
		E73BDE9E213EFAA30085C063 /* SliderGameDemoTests.swift in Sources */ = {isa = PBXBuildFile; fileRef = E73BDE9D213EFAA30085C063 /* SliderGameDemoTests.swift */; };
		E73BDEA9213F027B0085C063 /* Game.swift in Sources */ = {isa = PBXBuildFile; fileRef = E73BDEA8213F027B0085C063 /* Game.swift */; };
		E73BDEAB213F04420085C063 /* GameTests.swift in Sources */ = {isa = PBXBuildFile; fileRef = E73BDEAA213F04420085C063 /* GameTests.swift */; };
		E7A29C8D2141A0E800BDD09A /* AboutViewController.swift in Sources */ = {isa = PBXBuildFile; fileRef = E7A29C8C2141A0E800BDD09A /* AboutViewController.swift */; };
/* End PBXBuildFile section */

/* Begin PBXContainerItemProxy section */
		E73BDE9A213EFAA30085C063 /* PBXContainerItemProxy */ = {
			isa = PBXContainerItemProxy;
			containerPortal = E73BDE7D213EFAA20085C063 /* Project object */;
			proxyType = 1;
			remoteGlobalIDString = E73BDE84213EFAA20085C063;
			remoteInfo = SliderGameDemo;
		};
/* End PBXContainerItemProxy section */

/* Begin PBXFileReference section */
		E73BDE85213EFAA20085C063 /* SliderGameDemo.app */ = {isa = PBXFileReference; explicitFileType = wrapper.application; includeInIndex = 0; path = SliderGameDemo.app; sourceTree = BUILT_PRODUCTS_DIR; };
		E73BDE88213EFAA20085C063 /* AppDelegate.swift */ = {isa = PBXFileReference; lastKnownFileType = sourcecode.swift; path = AppDelegate.swift; sourceTree = "<group>"; };
		E73BDE8A213EFAA20085C063 /* ViewController.swift */ = {isa = PBXFileReference; lastKnownFileType = sourcecode.swift; path = ViewController.swift; sourceTree = "<group>"; };
		E73BDE8D213EFAA20085C063 /* Base */ = {isa = PBXFileReference; lastKnownFileType = file.storyboard; name = Base; path = Base.lproj/Main.storyboard; sourceTree = "<group>"; };
		E73BDE8F213EFAA20085C063 /* Assets.xcassets */ = {isa = PBXFileReference; lastKnownFileType = folder.assetcatalog; path = Assets.xcassets; sourceTree = "<group>"; };
		E73BDE92213EFAA20085C063 /* Base */ = {isa = PBXFileReference; lastKnownFileType = file.storyboard; name = Base; path = Base.lproj/LaunchScreen.storyboard; sourceTree = "<group>"; };
		E73BDE94213EFAA20085C063 /* Info.plist */ = {isa = PBXFileReference; lastKnownFileType = text.plist.xml; path = Info.plist; sourceTree = "<group>"; };
		E73BDE99213EFAA30085C063 /* SliderGameDemoTests.xctest */ = {isa = PBXFileReference; explicitFileType = wrapper.cfbundle; includeInIndex = 0; path = SliderGameDemoTests.xctest; sourceTree = BUILT_PRODUCTS_DIR; };
		E73BDE9D213EFAA30085C063 /* SliderGameDemoTests.swift */ = {isa = PBXFileReference; lastKnownFileType = sourcecode.swift; path = SliderGameDemoTests.swift; sourceTree = "<group>"; };
		E73BDE9F213EFAA30085C063 /* Info.plist */ = {isa = PBXFileReference; lastKnownFileType = text.plist.xml; path = Info.plist; sourceTree = "<group>"; };
		E73BDEA8213F027B0085C063 /* Game.swift */ = {isa = PBXFileReference; lastKnownFileType = sourcecode.swift; path = Game.swift; sourceTree = "<group>"; };
		E73BDEAA213F04420085C063 /* GameTests.swift */ = {isa = PBXFileReference; lastKnownFileType = sourcecode.swift; path = GameTests.swift; sourceTree = "<group>"; };
		E7A29C8C2141A0E800BDD09A /* AboutViewController.swift */ = {isa = PBXFileReference; lastKnownFileType = sourcecode.swift; path = AboutViewController.swift; sourceTree = "<group>"; };
/* End PBXFileReference section */

/* Begin PBXFrameworksBuildPhase section */
		E73BDE82213EFAA20085C063 /* Frameworks */ = {
			isa = PBXFrameworksBuildPhase;
			buildActionMask = 2147483647;
			files = (
			);
			runOnlyForDeploymentPostprocessing = 0;
		};
		E73BDE96213EFAA30085C063 /* Frameworks */ = {
			isa = PBXFrameworksBuildPhase;
			buildActionMask = 2147483647;
			files = (
			);
			runOnlyForDeploymentPostprocessing = 0;
		};
/* End PBXFrameworksBuildPhase section */

/* Begin PBXGroup section */
		E73BDE7C213EFAA20085C063 = {
			isa = PBXGroup;
			children = (
				E73BDE87213EFAA20085C063 /* SliderGameDemo */,
				E73BDE9C213EFAA30085C063 /* SliderGameDemoTests */,
				E73BDE86213EFAA20085C063 /* Products */,
			);
			sourceTree = "<group>";
		};
		E73BDE86213EFAA20085C063 /* Products */ = {
			isa = PBXGroup;
			children = (
				E73BDE85213EFAA20085C063 /* SliderGameDemo.app */,
				E73BDE99213EFAA30085C063 /* SliderGameDemoTests.xctest */,
			);
			name = Products;
			sourceTree = "<group>";
		};
		E73BDE87213EFAA20085C063 /* SliderGameDemo */ = {
			isa = PBXGroup;
			children = (
				E73BDE88213EFAA20085C063 /* AppDelegate.swift */,
				E73BDE8A213EFAA20085C063 /* ViewController.swift */,
				E73BDE8C213EFAA20085C063 /* Main.storyboard */,
				E73BDE8F213EFAA20085C063 /* Assets.xcassets */,
				E73BDE91213EFAA20085C063 /* LaunchScreen.storyboard */,
				E73BDE94213EFAA20085C063 /* Info.plist */,
				E73BDEA8213F027B0085C063 /* Game.swift */,
				E7A29C8C2141A0E800BDD09A /* AboutViewController.swift */,
			);
			path = SliderGameDemo;
			sourceTree = "<group>";
		};
		E73BDE9C213EFAA30085C063 /* SliderGameDemoTests */ = {
			isa = PBXGroup;
			children = (
				E73BDE9D213EFAA30085C063 /* SliderGameDemoTests.swift */,
				E73BDE9F213EFAA30085C063 /* Info.plist */,
				E73BDEAA213F04420085C063 /* GameTests.swift */,
			);
			path = SliderGameDemoTests;
			sourceTree = "<group>";
		};
/* End PBXGroup section */

/* Begin PBXNativeTarget section */
		E73BDE84213EFAA20085C063 /* SliderGameDemo */ = {
			isa = PBXNativeTarget;
			buildConfigurationList = E73BDEA2213EFAA30085C063 /* Build configuration list for PBXNativeTarget "SliderGameDemo" */;
			buildPhases = (
				E73BDE81213EFAA20085C063 /* Sources */,
				E73BDE82213EFAA20085C063 /* Frameworks */,
				E73BDE83213EFAA20085C063 /* Resources */,
			);
			buildRules = (
			);
			dependencies = (
			);
			name = SliderGameDemo;
			productName = SliderGameDemo;
			productReference = E73BDE85213EFAA20085C063 /* SliderGameDemo.app */;
			productType = "com.apple.product-type.application";
		};
		E73BDE98213EFAA30085C063 /* SliderGameDemoTests */ = {
			isa = PBXNativeTarget;
			buildConfigurationList = E73BDEA5213EFAA30085C063 /* Build configuration list for PBXNativeTarget "SliderGameDemoTests" */;
			buildPhases = (
				E73BDE95213EFAA30085C063 /* Sources */,
				E73BDE96213EFAA30085C063 /* Frameworks */,
				E73BDE97213EFAA30085C063 /* Resources */,
			);
			buildRules = (
			);
			dependencies = (
				E73BDE9B213EFAA30085C063 /* PBXTargetDependency */,
			);
			name = SliderGameDemoTests;
			productName = SliderGameDemoTests;
			productReference = E73BDE99213EFAA30085C063 /* SliderGameDemoTests.xctest */;
			productType = "com.apple.product-type.bundle.unit-test";
		};
/* End PBXNativeTarget section */

/* Begin PBXProject section */
		E73BDE7D213EFAA20085C063 /* Project object */ = {
			isa = PBXProject;
			attributes = {
				LastSwiftUpdateCheck = 0940;
				LastUpgradeCheck = 0940;
				ORGANIZATIONNAME = "Larry Heimann";
				TargetAttributes = {
					E73BDE84213EFAA20085C063 = {
						CreatedOnToolsVersion = 9.4.1;
					};
					E73BDE98213EFAA30085C063 = {
						CreatedOnToolsVersion = 9.4.1;
						TestTargetID = E73BDE84213EFAA20085C063;
					};
				};
			};
			buildConfigurationList = E73BDE80213EFAA20085C063 /* Build configuration list for PBXProject "SliderGameDemo" */;
			compatibilityVersion = "Xcode 9.3";
			developmentRegion = en;
			hasScannedForEncodings = 0;
			knownRegions = (
				en,
				Base,
			);
			mainGroup = E73BDE7C213EFAA20085C063;
			productRefGroup = E73BDE86213EFAA20085C063 /* Products */;
			projectDirPath = "";
			projectRoot = "";
			targets = (
				E73BDE84213EFAA20085C063 /* SliderGameDemo */,
				E73BDE98213EFAA30085C063 /* SliderGameDemoTests */,
			);
		};
/* End PBXProject section */

/* Begin PBXResourcesBuildPhase section */
		E73BDE83213EFAA20085C063 /* Resources */ = {
			isa = PBXResourcesBuildPhase;
			buildActionMask = 2147483647;
			files = (
				E73BDE93213EFAA20085C063 /* LaunchScreen.storyboard in Resources */,
				E73BDE90213EFAA20085C063 /* Assets.xcassets in Resources */,
				E73BDE8E213EFAA20085C063 /* Main.storyboard in Resources */,
			);
			runOnlyForDeploymentPostprocessing = 0;
		};
		E73BDE97213EFAA30085C063 /* Resources */ = {
			isa = PBXResourcesBuildPhase;
			buildActionMask = 2147483647;
			files = (
			);
			runOnlyForDeploymentPostprocessing = 0;
		};
/* End PBXResourcesBuildPhase section */

/* Begin PBXSourcesBuildPhase section */
		E73BDE81213EFAA20085C063 /* Sources */ = {
			isa = PBXSourcesBuildPhase;
			buildActionMask = 2147483647;
			files = (
				E73BDE8B213EFAA20085C063 /* ViewController.swift in Sources */,
				E73BDEA9213F027B0085C063 /* Game.swift in Sources */,
				E7A29C8D2141A0E800BDD09A /* AboutViewController.swift in Sources */,
				E73BDE89213EFAA20085C063 /* AppDelegate.swift in Sources */,
			);
			runOnlyForDeploymentPostprocessing = 0;
		};
		E73BDE95213EFAA30085C063 /* Sources */ = {
			isa = PBXSourcesBuildPhase;
			buildActionMask = 2147483647;
			files = (
				E73BDE9E213EFAA30085C063 /* SliderGameDemoTests.swift in Sources */,
				E73BDEAB213F04420085C063 /* GameTests.swift in Sources */,
			);
			runOnlyForDeploymentPostprocessing = 0;
		};
/* End PBXSourcesBuildPhase section */

/* Begin PBXTargetDependency section */
		E73BDE9B213EFAA30085C063 /* PBXTargetDependency */ = {
			isa = PBXTargetDependency;
			target = E73BDE84213EFAA20085C063 /* SliderGameDemo */;
			targetProxy = E73BDE9A213EFAA30085C063 /* PBXContainerItemProxy */;
		};
/* End PBXTargetDependency section */

/* Begin PBXVariantGroup section */
		E73BDE8C213EFAA20085C063 /* Main.storyboard */ = {
			isa = PBXVariantGroup;
			children = (
				E73BDE8D213EFAA20085C063 /* Base */,
			);
			name = Main.storyboard;
			sourceTree = "<group>";
		};
		E73BDE91213EFAA20085C063 /* LaunchScreen.storyboard */ = {
			isa = PBXVariantGroup;
			children = (
				E73BDE92213EFAA20085C063 /* Base */,
			);
			name = LaunchScreen.storyboard;
			sourceTree = "<group>";
		};
/* End PBXVariantGroup section */

/* Begin XCBuildConfiguration section */
		E73BDEA0213EFAA30085C063 /* Debug */ = {
			isa = XCBuildConfiguration;
			buildSettings = {
				ALWAYS_SEARCH_USER_PATHS = NO;
				CLANG_ANALYZER_NONNULL = YES;
				CLANG_ANALYZER_NUMBER_OBJECT_CONVERSION = YES_AGGRESSIVE;
				CLANG_CXX_LANGUAGE_STANDARD = "gnu++14";
				CLANG_CXX_LIBRARY = "libc++";
				CLANG_ENABLE_MODULES = YES;
				CLANG_ENABLE_OBJC_ARC = YES;
				CLANG_ENABLE_OBJC_WEAK = YES;
				CLANG_WARN_BLOCK_CAPTURE_AUTORELEASING = YES;
				CLANG_WARN_BOOL_CONVERSION = YES;
				CLANG_WARN_COMMA = YES;
				CLANG_WARN_CONSTANT_CONVERSION = YES;
				CLANG_WARN_DEPRECATED_OBJC_IMPLEMENTATIONS = YES;
				CLANG_WARN_DIRECT_OBJC_ISA_USAGE = YES_ERROR;
				CLANG_WARN_DOCUMENTATION_COMMENTS = YES;
				CLANG_WARN_EMPTY_BODY = YES;
				CLANG_WARN_ENUM_CONVERSION = YES;
				CLANG_WARN_INFINITE_RECURSION = YES;
				CLANG_WARN_INT_CONVERSION = YES;
				CLANG_WARN_NON_LITERAL_NULL_CONVERSION = YES;
				CLANG_WARN_OBJC_IMPLICIT_RETAIN_SELF = YES;
				CLANG_WARN_OBJC_LITERAL_CONVERSION = YES;
				CLANG_WARN_OBJC_ROOT_CLASS = YES_ERROR;
				CLANG_WARN_RANGE_LOOP_ANALYSIS = YES;
				CLANG_WARN_STRICT_PROTOTYPES = YES;
				CLANG_WARN_SUSPICIOUS_MOVE = YES;
				CLANG_WARN_UNGUARDED_AVAILABILITY = YES_AGGRESSIVE;
				CLANG_WARN_UNREACHABLE_CODE = YES;
				CLANG_WARN__DUPLICATE_METHOD_MATCH = YES;
				CODE_SIGN_IDENTITY = "iPhone Developer";
				COPY_PHASE_STRIP = NO;
				DEBUG_INFORMATION_FORMAT = dwarf;
				ENABLE_STRICT_OBJC_MSGSEND = YES;
				ENABLE_TESTABILITY = YES;
				GCC_C_LANGUAGE_STANDARD = gnu11;
				GCC_DYNAMIC_NO_PIC = NO;
				GCC_NO_COMMON_BLOCKS = YES;
				GCC_OPTIMIZATION_LEVEL = 0;
				GCC_PREPROCESSOR_DEFINITIONS = (
					"DEBUG=1",
					"$(inherited)",
				);
				GCC_WARN_64_TO_32_BIT_CONVERSION = YES;
				GCC_WARN_ABOUT_RETURN_TYPE = YES_ERROR;
				GCC_WARN_UNDECLARED_SELECTOR = YES;
				GCC_WARN_UNINITIALIZED_AUTOS = YES_AGGRESSIVE;
				GCC_WARN_UNUSED_FUNCTION = YES;
				GCC_WARN_UNUSED_VARIABLE = YES;
				IPHONEOS_DEPLOYMENT_TARGET = 11.4;
				MTL_ENABLE_DEBUG_INFO = YES;
				ONLY_ACTIVE_ARCH = YES;
				SDKROOT = iphoneos;
				SWIFT_ACTIVE_COMPILATION_CONDITIONS = DEBUG;
				SWIFT_OPTIMIZATION_LEVEL = "-Onone";
			};
			name = Debug;
		};
		E73BDEA1213EFAA30085C063 /* Release */ = {
			isa = XCBuildConfiguration;
			buildSettings = {
				ALWAYS_SEARCH_USER_PATHS = NO;
				CLANG_ANALYZER_NONNULL = YES;
				CLANG_ANALYZER_NUMBER_OBJECT_CONVERSION = YES_AGGRESSIVE;
				CLANG_CXX_LANGUAGE_STANDARD = "gnu++14";
				CLANG_CXX_LIBRARY = "libc++";
				CLANG_ENABLE_MODULES = YES;
				CLANG_ENABLE_OBJC_ARC = YES;
				CLANG_ENABLE_OBJC_WEAK = YES;
				CLANG_WARN_BLOCK_CAPTURE_AUTORELEASING = YES;
				CLANG_WARN_BOOL_CONVERSION = YES;
				CLANG_WARN_COMMA = YES;
				CLANG_WARN_CONSTANT_CONVERSION = YES;
				CLANG_WARN_DEPRECATED_OBJC_IMPLEMENTATIONS = YES;
				CLANG_WARN_DIRECT_OBJC_ISA_USAGE = YES_ERROR;
				CLANG_WARN_DOCUMENTATION_COMMENTS = YES;
				CLANG_WARN_EMPTY_BODY = YES;
				CLANG_WARN_ENUM_CONVERSION = YES;
				CLANG_WARN_INFINITE_RECURSION = YES;
				CLANG_WARN_INT_CONVERSION = YES;
				CLANG_WARN_NON_LITERAL_NULL_CONVERSION = YES;
				CLANG_WARN_OBJC_IMPLICIT_RETAIN_SELF = YES;
				CLANG_WARN_OBJC_LITERAL_CONVERSION = YES;
				CLANG_WARN_OBJC_ROOT_CLASS = YES_ERROR;
				CLANG_WARN_RANGE_LOOP_ANALYSIS = YES;
				CLANG_WARN_STRICT_PROTOTYPES = YES;
				CLANG_WARN_SUSPICIOUS_MOVE = YES;
				CLANG_WARN_UNGUARDED_AVAILABILITY = YES_AGGRESSIVE;
				CLANG_WARN_UNREACHABLE_CODE = YES;
				CLANG_WARN__DUPLICATE_METHOD_MATCH = YES;
				CODE_SIGN_IDENTITY = "iPhone Developer";
				COPY_PHASE_STRIP = NO;
				DEBUG_INFORMATION_FORMAT = "dwarf-with-dsym";
				ENABLE_NS_ASSERTIONS = NO;
				ENABLE_STRICT_OBJC_MSGSEND = YES;
				GCC_C_LANGUAGE_STANDARD = gnu11;
				GCC_NO_COMMON_BLOCKS = YES;
				GCC_WARN_64_TO_32_BIT_CONVERSION = YES;
				GCC_WARN_ABOUT_RETURN_TYPE = YES_ERROR;
				GCC_WARN_UNDECLARED_SELECTOR = YES;
				GCC_WARN_UNINITIALIZED_AUTOS = YES_AGGRESSIVE;
				GCC_WARN_UNUSED_FUNCTION = YES;
				GCC_WARN_UNUSED_VARIABLE = YES;
				IPHONEOS_DEPLOYMENT_TARGET = 11.4;
				MTL_ENABLE_DEBUG_INFO = NO;
				SDKROOT = iphoneos;
				SWIFT_COMPILATION_MODE = wholemodule;
				SWIFT_OPTIMIZATION_LEVEL = "-O";
				VALIDATE_PRODUCT = YES;
			};
			name = Release;
		};
		E73BDEA3213EFAA30085C063 /* Debug */ = {
			isa = XCBuildConfiguration;
			buildSettings = {
				ASSETCATALOG_COMPILER_APPICON_NAME = AppIcon;
				CODE_SIGN_STYLE = Automatic;
				DEVELOPMENT_TEAM = X94WPSRU4C;
				INFOPLIST_FILE = SliderGameDemo/Info.plist;
				LD_RUNPATH_SEARCH_PATHS = (
					"$(inherited)",
					"@executable_path/Frameworks",
				);
				PRODUCT_BUNDLE_IDENTIFIER = cmuis.net.SliderGameDemo;
				PRODUCT_NAME = "$(TARGET_NAME)";
				SWIFT_VERSION = 4.0;
				TARGETED_DEVICE_FAMILY = "1,2";
			};
			name = Debug;
		};
		E73BDEA4213EFAA30085C063 /* Release */ = {
			isa = XCBuildConfiguration;
			buildSettings = {
				ASSETCATALOG_COMPILER_APPICON_NAME = AppIcon;
				CODE_SIGN_STYLE = Automatic;
				DEVELOPMENT_TEAM = X94WPSRU4C;
				INFOPLIST_FILE = SliderGameDemo/Info.plist;
				LD_RUNPATH_SEARCH_PATHS = (
					"$(inherited)",
					"@executable_path/Frameworks",
				);
				PRODUCT_BUNDLE_IDENTIFIER = cmuis.net.SliderGameDemo;
				PRODUCT_NAME = "$(TARGET_NAME)";
				SWIFT_VERSION = 4.0;
				TARGETED_DEVICE_FAMILY = "1,2";
			};
			name = Release;
		};
		E73BDEA6213EFAA30085C063 /* Debug */ = {
			isa = XCBuildConfiguration;
			buildSettings = {
				ALWAYS_EMBED_SWIFT_STANDARD_LIBRARIES = YES;
				BUNDLE_LOADER = "$(TEST_HOST)";
				CODE_SIGN_STYLE = Automatic;
				INFOPLIST_FILE = SliderGameDemoTests/Info.plist;
				LD_RUNPATH_SEARCH_PATHS = (
					"$(inherited)",
					"@executable_path/Frameworks",
					"@loader_path/Frameworks",
				);
				PRODUCT_BUNDLE_IDENTIFIER = cmuis.net.SliderGameDemoTests;
				PRODUCT_NAME = "$(TARGET_NAME)";
				SWIFT_VERSION = 4.0;
				TARGETED_DEVICE_FAMILY = "1,2";
				TEST_HOST = "$(BUILT_PRODUCTS_DIR)/SliderGameDemo.app/SliderGameDemo";
			};
			name = Debug;
		};
		E73BDEA7213EFAA30085C063 /* Release */ = {
			isa = XCBuildConfiguration;
			buildSettings = {
				ALWAYS_EMBED_SWIFT_STANDARD_LIBRARIES = YES;
				BUNDLE_LOADER = "$(TEST_HOST)";
				CODE_SIGN_STYLE = Automatic;
				INFOPLIST_FILE = SliderGameDemoTests/Info.plist;
				LD_RUNPATH_SEARCH_PATHS = (
					"$(inherited)",
					"@executable_path/Frameworks",
					"@loader_path/Frameworks",
				);
				PRODUCT_BUNDLE_IDENTIFIER = cmuis.net.SliderGameDemoTests;
				PRODUCT_NAME = "$(TARGET_NAME)";
				SWIFT_VERSION = 4.0;
				TARGETED_DEVICE_FAMILY = "1,2";
				TEST_HOST = "$(BUILT_PRODUCTS_DIR)/SliderGameDemo.app/SliderGameDemo";
			};
			name = Release;
		};
/* End XCBuildConfiguration section */

/* Begin XCConfigurationList section */
		E73BDE80213EFAA20085C063 /* Build configuration list for PBXProject "SliderGameDemo" */ = {
			isa = XCConfigurationList;
			buildConfigurations = (
				E73BDEA0213EFAA30085C063 /* Debug */,
				E73BDEA1213EFAA30085C063 /* Release */,
			);
			defaultConfigurationIsVisible = 0;
			defaultConfigurationName = Release;
		};
		E73BDEA2213EFAA30085C063 /* Build configuration list for PBXNativeTarget "SliderGameDemo" */ = {
			isa = XCConfigurationList;
			buildConfigurations = (
				E73BDEA3213EFAA30085C063 /* Debug */,
				E73BDEA4213EFAA30085C063 /* Release */,
			);
			defaultConfigurationIsVisible = 0;
			defaultConfigurationName = Release;
		};
		E73BDEA5213EFAA30085C063 /* Build configuration list for PBXNativeTarget "SliderGameDemoTests" */ = {
			isa = XCConfigurationList;
			buildConfigurations = (
				E73BDEA6213EFAA30085C063 /* Debug */,
				E73BDEA7213EFAA30085C063 /* Release */,
			);
			defaultConfigurationIsVisible = 0;
			defaultConfigurationName = Release;
		};
/* End XCConfigurationList section */
	};
	rootObject = E73BDE7D213EFAA20085C063 /* Project object */;
}
